// !$*UTF8*$!
{
	archiveVersion = 1;
	classes = {
	};
	objectVersion = 46;
	objects = {

/* Begin PBXBuildFile section */
		18A3DDC21F8253E400D270F9 /* main.m in Sources */ = {isa = PBXBuildFile; fileRef = 18A3DDC11F8253E400D270F9 /* main.m */; };
		18A3DDC51F8253E400D270F9 /* AppDelegate.m in Sources */ = {isa = PBXBuildFile; fileRef = 18A3DDC41F8253E400D270F9 /* AppDelegate.m */; };
		18A3DDC81F8253E400D270F9 /* ViewController.m in Sources */ = {isa = PBXBuildFile; fileRef = 18A3DDC71F8253E400D270F9 /* ViewController.m */; };
		18A3DDCB1F8253E400D270F9 /* Main.storyboard in Resources */ = {isa = PBXBuildFile; fileRef = 18A3DDC91F8253E400D270F9 /* Main.storyboard */; };
		18A3DDCD1F8253E400D270F9 /* Assets.xcassets in Resources */ = {isa = PBXBuildFile; fileRef = 18A3DDCC1F8253E400D270F9 /* Assets.xcassets */; };
		18A3DDD01F8253E400D270F9 /* LaunchScreen.storyboard in Resources */ = {isa = PBXBuildFile; fileRef = 18A3DDCE1F8253E400D270F9 /* LaunchScreen.storyboard */; };
		18A3DDDB1F8253E400D270F9 /* CultureHomeTests.m in Sources */ = {isa = PBXBuildFile; fileRef = 18A3DDDA1F8253E400D270F9 /* CultureHomeTests.m */; };
		18A3DDE61F8253E400D270F9 /* CultureHomeUITests.m in Sources */ = {isa = PBXBuildFile; fileRef = 18A3DDE51F8253E400D270F9 /* CultureHomeUITests.m */; };
/* End PBXBuildFile section */

/* Begin PBXContainerItemProxy section */
		18A3DDD71F8253E400D270F9 /* PBXContainerItemProxy */ = {
			isa = PBXContainerItemProxy;
			containerPortal = 18A3DDB51F8253E400D270F9 /* Project object */;
			proxyType = 1;
			remoteGlobalIDString = 18A3DDBC1F8253E400D270F9;
			remoteInfo = CultureHome;
		};
		18A3DDE21F8253E400D270F9 /* PBXContainerItemProxy */ = {
			isa = PBXContainerItemProxy;
			containerPortal = 18A3DDB51F8253E400D270F9 /* Project object */;
			proxyType = 1;
			remoteGlobalIDString = 18A3DDBC1F8253E400D270F9;
			remoteInfo = CultureHome;
		};
/* End PBXContainerItemProxy section */

/* Begin PBXFileReference section */
		18A3DDBD1F8253E400D270F9 /* CultureHome.app */ = {isa = PBXFileReference; explicitFileType = wrapper.application; includeInIndex = 0; path = CultureHome.app; sourceTree = BUILT_PRODUCTS_DIR; };
		18A3DDC11F8253E400D270F9 /* main.m */ = {isa = PBXFileReference; lastKnownFileType = sourcecode.c.objc; path = main.m; sourceTree = "<group>"; };
		18A3DDC31F8253E400D270F9 /* AppDelegate.h */ = {isa = PBXFileReference; lastKnownFileType = sourcecode.c.h; path = AppDelegate.h; sourceTree = "<group>"; };
		18A3DDC41F8253E400D270F9 /* AppDelegate.m */ = {isa = PBXFileReference; lastKnownFileType = sourcecode.c.objc; path = AppDelegate.m; sourceTree = "<group>"; };
		18A3DDC61F8253E400D270F9 /* ViewController.h */ = {isa = PBXFileReference; lastKnownFileType = sourcecode.c.h; path = ViewController.h; sourceTree = "<group>"; };
		18A3DDC71F8253E400D270F9 /* ViewController.m */ = {isa = PBXFileReference; lastKnownFileType = sourcecode.c.objc; path = ViewController.m; sourceTree = "<group>"; };
		18A3DDCA1F8253E400D270F9 /* Base */ = {isa = PBXFileReference; lastKnownFileType = file.storyboard; name = Base; path = Base.lproj/Main.storyboard; sourceTree = "<group>"; };
		18A3DDCC1F8253E400D270F9 /* Assets.xcassets */ = {isa = PBXFileReference; lastKnownFileType = folder.assetcatalog; path = Assets.xcassets; sourceTree = "<group>"; };
		18A3DDCF1F8253E400D270F9 /* Base */ = {isa = PBXFileReference; lastKnownFileType = file.storyboard; name = Base; path = Base.lproj/LaunchScreen.storyboard; sourceTree = "<group>"; };
		18A3DDD11F8253E400D270F9 /* Info.plist */ = {isa = PBXFileReference; lastKnownFileType = text.plist.xml; path = Info.plist; sourceTree = "<group>"; };
		18A3DDD61F8253E400D270F9 /* CultureHomeTests.xctest */ = {isa = PBXFileReference; explicitFileType = wrapper.cfbundle; includeInIndex = 0; path = CultureHomeTests.xctest; sourceTree = BUILT_PRODUCTS_DIR; };
		18A3DDDA1F8253E400D270F9 /* CultureHomeTests.m */ = {isa = PBXFileReference; lastKnownFileType = sourcecode.c.objc; path = CultureHomeTests.m; sourceTree = "<group>"; };
		18A3DDDC1F8253E400D270F9 /* Info.plist */ = {isa = PBXFileReference; lastKnownFileType = text.plist.xml; path = Info.plist; sourceTree = "<group>"; };
		18A3DDE11F8253E400D270F9 /* CultureHomeUITests.xctest */ = {isa = PBXFileReference; explicitFileType = wrapper.cfbundle; includeInIndex = 0; path = CultureHomeUITests.xctest; sourceTree = BUILT_PRODUCTS_DIR; };
		18A3DDE51F8253E400D270F9 /* CultureHomeUITests.m */ = {isa = PBXFileReference; lastKnownFileType = sourcecode.c.objc; path = CultureHomeUITests.m; sourceTree = "<group>"; };
		18A3DDE71F8253E400D270F9 /* Info.plist */ = {isa = PBXFileReference; lastKnownFileType = text.plist.xml; path = Info.plist; sourceTree = "<group>"; };
/* End PBXFileReference section */

/* Begin PBXFrameworksBuildPhase section */
		18A3DDBA1F8253E400D270F9 /* Frameworks */ = {
			isa = PBXFrameworksBuildPhase;
			buildActionMask = 2147483647;
			files = (
			);
			runOnlyForDeploymentPostprocessing = 0;
		};
		18A3DDD31F8253E400D270F9 /* Frameworks */ = {
			isa = PBXFrameworksBuildPhase;
			buildActionMask = 2147483647;
			files = (
			);
			runOnlyForDeploymentPostprocessing = 0;
		};
		18A3DDDE1F8253E400D270F9 /* Frameworks */ = {
			isa = PBXFrameworksBuildPhase;
			buildActionMask = 2147483647;
			files = (
			);
			runOnlyForDeploymentPostprocessing = 0;
		};
/* End PBXFrameworksBuildPhase section */

/* Begin PBXGroup section */
		18A3DDB41F8253E400D270F9 = {
			isa = PBXGroup;
			children = (
				18A3DDBF1F8253E400D270F9 /* CultureHome */,
				18A3DDD91F8253E400D270F9 /* CultureHomeTests */,
				18A3DDE41F8253E400D270F9 /* CultureHomeUITests */,
				18A3DDBE1F8253E400D270F9 /* Products */,
			);
			sourceTree = "<group>";
		};
		18A3DDBE1F8253E400D270F9 /* Products */ = {
			isa = PBXGroup;
			children = (
				18A3DDBD1F8253E400D270F9 /* CultureHome.app */,
				18A3DDD61F8253E400D270F9 /* CultureHomeTests.xctest */,
				18A3DDE11F8253E400D270F9 /* CultureHomeUITests.xctest */,
			);
			name = Products;
			sourceTree = "<group>";
		};
		18A3DDBF1F8253E400D270F9 /* CultureHome */ = {
			isa = PBXGroup;
			children = (
				18A3DDC31F8253E400D270F9 /* AppDelegate.h */,
				18A3DDC41F8253E400D270F9 /* AppDelegate.m */,
				18A3DDC61F8253E400D270F9 /* ViewController.h */,
				18A3DDC71F8253E400D270F9 /* ViewController.m */,
				18A3DDC91F8253E400D270F9 /* Main.storyboard */,
				18A3DDCC1F8253E400D270F9 /* Assets.xcassets */,
				18A3DDCE1F8253E400D270F9 /* LaunchScreen.storyboard */,
				18A3DDD11F8253E400D270F9 /* Info.plist */,
				18A3DDC01F8253E400D270F9 /* Supporting Files */,
			);
			path = CultureHome;
			sourceTree = "<group>";
		};
		18A3DDC01F8253E400D270F9 /* Supporting Files */ = {
			isa = PBXGroup;
			children = (
				18A3DDC11F8253E400D270F9 /* main.m */,
			);
			name = "Supporting Files";
			sourceTree = "<group>";
		};
		18A3DDD91F8253E400D270F9 /* CultureHomeTests */ = {
			isa = PBXGroup;
			children = (
				18A3DDDA1F8253E400D270F9 /* CultureHomeTests.m */,
				18A3DDDC1F8253E400D270F9 /* Info.plist */,
			);
			path = CultureHomeTests;
			sourceTree = "<group>";
		};
		18A3DDE41F8253E400D270F9 /* CultureHomeUITests */ = {
			isa = PBXGroup;
			children = (
				18A3DDE51F8253E400D270F9 /* CultureHomeUITests.m */,
				18A3DDE71F8253E400D270F9 /* Info.plist */,
			);
			path = CultureHomeUITests;
			sourceTree = "<group>";
		};
/* End PBXGroup section */

/* Begin PBXNativeTarget section */
		18A3DDBC1F8253E400D270F9 /* CultureHome */ = {
			isa = PBXNativeTarget;
			buildConfigurationList = 18A3DDEA1F8253E400D270F9 /* Build configuration list for PBXNativeTarget "CultureHome" */;
			buildPhases = (
				18A3DDB91F8253E400D270F9 /* Sources */,
				18A3DDBA1F8253E400D270F9 /* Frameworks */,
				18A3DDBB1F8253E400D270F9 /* Resources */,
			);
			buildRules = (
			);
			dependencies = (
			);
			name = CultureHome;
			productName = CultureHome;
			productReference = 18A3DDBD1F8253E400D270F9 /* CultureHome.app */;
			productType = "com.apple.product-type.application";
		};
		18A3DDD51F8253E400D270F9 /* CultureHomeTests */ = {
			isa = PBXNativeTarget;
			buildConfigurationList = 18A3DDED1F8253E400D270F9 /* Build configuration list for PBXNativeTarget "CultureHomeTests" */;
			buildPhases = (
				18A3DDD21F8253E400D270F9 /* Sources */,
				18A3DDD31F8253E400D270F9 /* Frameworks */,
				18A3DDD41F8253E400D270F9 /* Resources */,
			);
			buildRules = (
			);
			dependencies = (
				18A3DDD81F8253E400D270F9 /* PBXTargetDependency */,
			);
			name = CultureHomeTests;
			productName = CultureHomeTests;
			productReference = 18A3DDD61F8253E400D270F9 /* CultureHomeTests.xctest */;
			productType = "com.apple.product-type.bundle.unit-test";
		};
		18A3DDE01F8253E400D270F9 /* CultureHomeUITests */ = {
			isa = PBXNativeTarget;
			buildConfigurationList = 18A3DDF01F8253E400D270F9 /* Build configuration list for PBXNativeTarget "CultureHomeUITests" */;
			buildPhases = (
				18A3DDDD1F8253E400D270F9 /* Sources */,
				18A3DDDE1F8253E400D270F9 /* Frameworks */,
				18A3DDDF1F8253E400D270F9 /* Resources */,
			);
			buildRules = (
			);
			dependencies = (
				18A3DDE31F8253E400D270F9 /* PBXTargetDependency */,
			);
			name = CultureHomeUITests;
			productName = CultureHomeUITests;
			productReference = 18A3DDE11F8253E400D270F9 /* CultureHomeUITests.xctest */;
			productType = "com.apple.product-type.bundle.ui-testing";
		};
/* End PBXNativeTarget section */

/* Begin PBXProject section */
		18A3DDB51F8253E400D270F9 /* Project object */ = {
			isa = PBXProject;
			attributes = {
				LastUpgradeCheck = 0830;
				ORGANIZATIONNAME = "易元江";
				TargetAttributes = {
					18A3DDBC1F8253E400D270F9 = {
						CreatedOnToolsVersion = 8.3.3;
						DevelopmentTeam = 4UN7BXP6C2;
						ProvisioningStyle = Automatic;
					};
					18A3DDD51F8253E400D270F9 = {
						CreatedOnToolsVersion = 8.3.3;
						DevelopmentTeam = 4UN7BXP6C2;
						ProvisioningStyle = Automatic;
						TestTargetID = 18A3DDBC1F8253E400D270F9;
					};
					18A3DDE01F8253E400D270F9 = {
						CreatedOnToolsVersion = 8.3.3;
						DevelopmentTeam = 4UN7BXP6C2;
						ProvisioningStyle = Automatic;
						TestTargetID = 18A3DDBC1F8253E400D270F9;
					};
				};
			};
			buildConfigurationList = 18A3DDB81F8253E400D270F9 /* Build configuration list for PBXProject "CultureHome" */;
			compatibilityVersion = "Xcode 3.2";
			developmentRegion = English;
			hasScannedForEncodings = 0;
			knownRegions = (
				en,
				Base,
			);
			mainGroup = 18A3DDB41F8253E400D270F9;
			productRefGroup = 18A3DDBE1F8253E400D270F9 /* Products */;
			projectDirPath = "";
			projectRoot = "";
			targets = (
				18A3DDBC1F8253E400D270F9 /* CultureHome */,
				18A3DDD51F8253E400D270F9 /* CultureHomeTests */,
				18A3DDE01F8253E400D270F9 /* CultureHomeUITests */,
			);
		};
/* End PBXProject section */

/* Begin PBXResourcesBuildPhase section */
		18A3DDBB1F8253E400D270F9 /* Resources */ = {
			isa = PBXResourcesBuildPhase;
			buildActionMask = 2147483647;
			files = (
				18A3DDD01F8253E400D270F9 /* LaunchScreen.storyboard in Resources */,
				18A3DDCD1F8253E400D270F9 /* Assets.xcassets in Resources */,
				18A3DDCB1F8253E400D270F9 /* Main.storyboard in Resources */,
			);
			runOnlyForDeploymentPostprocessing = 0;
		};
		18A3DDD41F8253E400D270F9 /* Resources */ = {
			isa = PBXResourcesBuildPhase;
			buildActionMask = 2147483647;
			files = (
			);
			runOnlyForDeploymentPostprocessing = 0;
		};
		18A3DDDF1F8253E400D270F9 /* Resources */ = {
			isa = PBXResourcesBuildPhase;
			buildActionMask = 2147483647;
			files = (
			);
			runOnlyForDeploymentPostprocessing = 0;
		};
/* End PBXResourcesBuildPhase section */

/* Begin PBXSourcesBuildPhase section */
		18A3DDB91F8253E400D270F9 /* Sources */ = {
			isa = PBXSourcesBuildPhase;
			buildActionMask = 2147483647;
			files = (
				18A3DDC81F8253E400D270F9 /* ViewController.m in Sources */,
				18A3DDC51F8253E400D270F9 /* AppDelegate.m in Sources */,
				18A3DDC21F8253E400D270F9 /* main.m in Sources */,
			);
			runOnlyForDeploymentPostprocessing = 0;
		};
		18A3DDD21F8253E400D270F9 /* Sources */ = {
			isa = PBXSourcesBuildPhase;
			buildActionMask = 2147483647;
			files = (
				18A3DDDB1F8253E400D270F9 /* CultureHomeTests.m in Sources */,
			);
			runOnlyForDeploymentPostprocessing = 0;
		};
		18A3DDDD1F8253E400D270F9 /* Sources */ = {
			isa = PBXSourcesBuildPhase;
			buildActionMask = 2147483647;
			files = (
				18A3DDE61F8253E400D270F9 /* CultureHomeUITests.m in Sources */,
			);
			runOnlyForDeploymentPostprocessing = 0;
		};
/* End PBXSourcesBuildPhase section */

/* Begin PBXTargetDependency section */
		18A3DDD81F8253E400D270F9 /* PBXTargetDependency */ = {
			isa = PBXTargetDependency;
			target = 18A3DDBC1F8253E400D270F9 /* CultureHome */;
			targetProxy = 18A3DDD71F8253E400D270F9 /* PBXContainerItemProxy */;
		};
		18A3DDE31F8253E400D270F9 /* PBXTargetDependency */ = {
			isa = PBXTargetDependency;
			target = 18A3DDBC1F8253E400D270F9 /* CultureHome */;
			targetProxy = 18A3DDE21F8253E400D270F9 /* PBXContainerItemProxy */;
		};
/* End PBXTargetDependency section */

/* Begin PBXVariantGroup section */
		18A3DDC91F8253E400D270F9 /* Main.storyboard */ = {
			isa = PBXVariantGroup;
			children = (
				18A3DDCA1F8253E400D270F9 /* Base */,
			);
			name = Main.storyboard;
			sourceTree = "<group>";
		};
		18A3DDCE1F8253E400D270F9 /* LaunchScreen.storyboard */ = {
			isa = PBXVariantGroup;
			children = (
				18A3DDCF1F8253E400D270F9 /* Base */,
			);
			name = LaunchScreen.storyboard;
			sourceTree = "<group>";
		};
/* End PBXVariantGroup section */

/* Begin XCBuildConfiguration section */
		18A3DDE81F8253E400D270F9 /* Debug */ = {
			isa = XCBuildConfiguration;
			buildSettings = {
				ALWAYS_SEARCH_USER_PATHS = NO;
				CLANG_ANALYZER_NONNULL = YES;
				CLANG_ANALYZER_NUMBER_OBJECT_CONVERSION = YES_AGGRESSIVE;
				CLANG_CXX_LANGUAGE_STANDARD = "gnu++0x";
				CLANG_CXX_LIBRARY = "libc++";
				CLANG_ENABLE_MODULES = YES;
				CLANG_ENABLE_OBJC_ARC = YES;
				CLANG_WARN_BOOL_CONVERSION = YES;
				CLANG_WARN_CONSTANT_CONVERSION = YES;
				CLANG_WARN_DIRECT_OBJC_ISA_USAGE = YES_ERROR;
				CLANG_WARN_DOCUMENTATION_COMMENTS = YES;
				CLANG_WARN_EMPTY_BODY = YES;
				CLANG_WARN_ENUM_CONVERSION = YES;
				CLANG_WARN_INFINITE_RECURSION = YES;
				CLANG_WARN_INT_CONVERSION = YES;
				CLANG_WARN_OBJC_ROOT_CLASS = YES_ERROR;
				CLANG_WARN_SUSPICIOUS_MOVE = YES;
				CLANG_WARN_UNREACHABLE_CODE = YES;
				CLANG_WARN__DUPLICATE_METHOD_MATCH = YES;
				"CODE_SIGN_IDENTITY[sdk=iphoneos*]" = "iPhone Developer";
				COPY_PHASE_STRIP = NO;
				DEBUG_INFORMATION_FORMAT = dwarf;
				ENABLE_STRICT_OBJC_MSGSEND = YES;
				ENABLE_TESTABILITY = YES;
				GCC_C_LANGUAGE_STANDARD = gnu99;
				GCC_DYNAMIC_NO_PIC = NO;
				GCC_NO_COMMON_BLOCKS = YES;
				GCC_OPTIMIZATION_LEVEL = 0;
				GCC_PREPROCESSOR_DEFINITIONS = (
					"DEBUG=1",
					"$(inherited)",
				);
				GCC_WARN_64_TO_32_BIT_CONVERSION = YES;
				GCC_WARN_ABOUT_RETURN_TYPE = YES_ERROR;
				GCC_WARN_UNDECLARED_SELECTOR = YES;
				GCC_WARN_UNINITIALIZED_AUTOS = YES_AGGRESSIVE;
				GCC_WARN_UNUSED_FUNCTION = YES;
				GCC_WARN_UNUSED_VARIABLE = YES;
				IPHONEOS_DEPLOYMENT_TARGET = 10.3;
				MTL_ENABLE_DEBUG_INFO = YES;
				ONLY_ACTIVE_ARCH = YES;
				SDKROOT = iphoneos;
				TARGETED_DEVICE_FAMILY = "1,2";
			};
			name = Debug;
		};
		18A3DDE91F8253E400D270F9 /* Release */ = {
			isa = XCBuildConfiguration;
			buildSettings = {
				ALWAYS_SEARCH_USER_PATHS = NO;
				CLANG_ANALYZER_NONNULL = YES;
				CLANG_ANALYZER_NUMBER_OBJECT_CONVERSION = YES_AGGRESSIVE;
				CLANG_CXX_LANGUAGE_STANDARD = "gnu++0x";
				CLANG_CXX_LIBRARY = "libc++";
				CLANG_ENABLE_MODULES = YES;
				CLANG_ENABLE_OBJC_ARC = YES;
				CLANG_WARN_BOOL_CONVERSION = YES;
				CLANG_WARN_CONSTANT_CONVERSION = YES;
				CLANG_WARN_DIRECT_OBJC_ISA_USAGE = YES_ERROR;
				CLANG_WARN_DOCUMENTATION_COMMENTS = YES;
				CLANG_WARN_EMPTY_BODY = YES;
				CLANG_WARN_ENUM_CONVERSION = YES;
				CLANG_WARN_INFINITE_RECURSION = YES;
				CLANG_WARN_INT_CONVERSION = YES;
				CLANG_WARN_OBJC_ROOT_CLASS = YES_ERROR;
				CLANG_WARN_SUSPICIOUS_MOVE = YES;
				CLANG_WARN_UNREACHABLE_CODE = YES;
				CLANG_WARN__DUPLICATE_METHOD_MATCH = YES;
				"CODE_SIGN_IDENTITY[sdk=iphoneos*]" = "iPhone Developer";
				COPY_PHASE_STRIP = NO;
				DEBUG_INFORMATION_FORMAT = "dwarf-with-dsym";
				ENABLE_NS_ASSERTIONS = NO;
				ENABLE_STRICT_OBJC_MSGSEND = YES;
				GCC_C_LANGUAGE_STANDARD = gnu99;
				GCC_NO_COMMON_BLOCKS = YES;
				GCC_WARN_64_TO_32_BIT_CONVERSION = YES;
				GCC_WARN_ABOUT_RETURN_TYPE = YES_ERROR;
				GCC_WARN_UNDECLARED_SELECTOR = YES;
				GCC_WARN_UNINITIALIZED_AUTOS = YES_AGGRESSIVE;
				GCC_WARN_UNUSED_FUNCTION = YES;
				GCC_WARN_UNUSED_VARIABLE = YES;
				IPHONEOS_DEPLOYMENT_TARGET = 10.3;
				MTL_ENABLE_DEBUG_INFO = NO;
				SDKROOT = iphoneos;
				TARGETED_DEVICE_FAMILY = "1,2";
				VALIDATE_PRODUCT = YES;
			};
			name = Release;
		};
		18A3DDEB1F8253E400D270F9 /* Debug */ = {
			isa = XCBuildConfiguration;
			buildSettings = {
				ASSETCATALOG_COMPILER_APPICON_NAME = AppIcon;
				DEVELOPMENT_TEAM = 4UN7BXP6C2;
				INFOPLIST_FILE = CultureHome/Info.plist;
				LD_RUNPATH_SEARCH_PATHS = "$(inherited) @executable_path/Frameworks";
				PRODUCT_BUNDLE_IDENTIFIER = com.apple.CultureHome;
				PRODUCT_NAME = "$(TARGET_NAME)";
			};
			name = Debug;
		};
		18A3DDEC1F8253E400D270F9 /* Release */ = {
			isa = XCBuildConfiguration;
			buildSettings = {
				ASSETCATALOG_COMPILER_APPICON_NAME = AppIcon;
				DEVELOPMENT_TEAM = 4UN7BXP6C2;
				INFOPLIST_FILE = CultureHome/Info.plist;
				LD_RUNPATH_SEARCH_PATHS = "$(inherited) @executable_path/Frameworks";
				PRODUCT_BUNDLE_IDENTIFIER = com.apple.CultureHome;
				PRODUCT_NAME = "$(TARGET_NAME)";
			};
			name = Release;
		};
		18A3DDEE1F8253E400D270F9 /* Debug */ = {
			isa = XCBuildConfiguration;
			buildSettings = {
				BUNDLE_LOADER = "$(TEST_HOST)";
				DEVELOPMENT_TEAM = 4UN7BXP6C2;
				INFOPLIST_FILE = CultureHomeTests/Info.plist;
				LD_RUNPATH_SEARCH_PATHS = "$(inherited) @executable_path/Frameworks @loader_path/Frameworks";
				PRODUCT_BUNDLE_IDENTIFIER = com.apple.CultureHomeTests;
				PRODUCT_NAME = "$(TARGET_NAME)";
				TEST_HOST = "$(BUILT_PRODUCTS_DIR)/CultureHome.app/CultureHome";
			};
			name = Debug;
		};
		18A3DDEF1F8253E400D270F9 /* Release */ = {
			isa = XCBuildConfiguration;
			buildSettings = {
				BUNDLE_LOADER = "$(TEST_HOST)";
				DEVELOPMENT_TEAM = 4UN7BXP6C2;
				INFOPLIST_FILE = CultureHomeTests/Info.plist;
				LD_RUNPATH_SEARCH_PATHS = "$(inherited) @executable_path/Frameworks @loader_path/Frameworks";
				PRODUCT_BUNDLE_IDENTIFIER = com.apple.CultureHomeTests;
				PRODUCT_NAME = "$(TARGET_NAME)";
				TEST_HOST = "$(BUILT_PRODUCTS_DIR)/CultureHome.app/CultureHome";
			};
			name = Release;
		};
		18A3DDF11F8253E400D270F9 /* Debug */ = {
			isa = XCBuildConfiguration;
			buildSettings = {
				DEVELOPMENT_TEAM = 4UN7BXP6C2;
				INFOPLIST_FILE = CultureHomeUITests/Info.plist;
				LD_RUNPATH_SEARCH_PATHS = "$(inherited) @executable_path/Frameworks @loader_path/Frameworks";
				PRODUCT_BUNDLE_IDENTIFIER = com.apple.CultureHomeUITests;
				PRODUCT_NAME = "$(TARGET_NAME)";
				TEST_TARGET_NAME = CultureHome;
			};
			name = Debug;
		};
		18A3DDF21F8253E400D270F9 /* Release */ = {
			isa = XCBuildConfiguration;
			buildSettings = {
				DEVELOPMENT_TEAM = 4UN7BXP6C2;
				INFOPLIST_FILE = CultureHomeUITests/Info.plist;
				LD_RUNPATH_SEARCH_PATHS = "$(inherited) @executable_path/Frameworks @loader_path/Frameworks";
				PRODUCT_BUNDLE_IDENTIFIER = com.apple.CultureHomeUITests;
				PRODUCT_NAME = "$(TARGET_NAME)";
				TEST_TARGET_NAME = CultureHome;
			};
			name = Release;
		};
/* End XCBuildConfiguration section */

/* Begin XCConfigurationList section */
		18A3DDB81F8253E400D270F9 /* Build configuration list for PBXProject "CultureHome" */ = {
			isa = XCConfigurationList;
			buildConfigurations = (
				18A3DDE81F8253E400D270F9 /* Debug */,
				18A3DDE91F8253E400D270F9 /* Release */,
			);
			defaultConfigurationIsVisible = 0;
			defaultConfigurationName = Release;
		};
		18A3DDEA1F8253E400D270F9 /* Build configuration list for PBXNativeTarget "CultureHome" */ = {
			isa = XCConfigurationList;
			buildConfigurations = (
				18A3DDEB1F8253E400D270F9 /* Debug */,
				18A3DDEC1F8253E400D270F9 /* Release */,
			);
			defaultConfigurationIsVisible = 0;
		};
		18A3DDED1F8253E400D270F9 /* Build configuration list for PBXNativeTarget "CultureHomeTests" */ = {
			isa = XCConfigurationList;
			buildConfigurations = (
				18A3DDEE1F8253E400D270F9 /* Debug */,
				18A3DDEF1F8253E400D270F9 /* Release */,
			);
			defaultConfigurationIsVisible = 0;
		};
		18A3DDF01F8253E400D270F9 /* Build configuration list for PBXNativeTarget "CultureHomeUITests" */ = {
			isa = XCConfigurationList;
			buildConfigurations = (
				18A3DDF11F8253E400D270F9 /* Debug */,
				18A3DDF21F8253E400D270F9 /* Release */,
			);
			defaultConfigurationIsVisible = 0;
		};
/* End XCConfigurationList section */
	};
	rootObject = 18A3DDB51F8253E400D270F9 /* Project object */;
}
